{
  "version": "5",
  "redirects": {
    "https://esm.sh/@supabase/supabase-js@2": "https://esm.sh/@supabase/supabase-js@2.112.2"
  },
  "remote": {
    "https://esm.sh/@supabase/supabase-js@2.112.2": "ea8a8dc3bcfe3cd929a9f6f83a5c266ad3f9d8101c34f71d465dd73f7ff1b796"
  },
  "workspace": {
    "packageJson": {
      "dependencies": [
        "npm:@cloudflare/workers-types@5.20260910.1",
        "npm:@eslint/js@^9.39.4",
        "npm:@imagemagick/magick-wasm@0.0.42",
        "npm:@preact/preset-vite@^2.10.5",
        "npm:@supabase/supabase-js@2.112.2",
        "npm:@types/node@^24.12.3",
        "npm:@types/pg@^8.20.0",
        "npm:@vitest/coverage-v8@^4.1.9",
        "npm:eslint-plugin-no-unsanitized@^4.1.5",
        "npm:eslint-plugin-security@^3.0.1",
        "npm:eslint@^9.39.4",
        "npm:pg@^8.22.0",
        "npm:pixelmatch@6",
        "npm:playwright@^1.59.1",
        "npm:pngjs@7",
        "npm:preact@^10.29.1",
        "npm:prettier@^3.8.4",
        "npm:supabase@2.114.0",
        "npm:terser@^5.48.0",
        "npm:typescript-eslint@^8.61.1",
        "npm:typescript@~6.0.2",
        "npm:vite@^8.0.12",
        "npm:vitest@^4.1.9",
        "npm:wouter-preact@^3.10.0",
        "npm:wrangler@4.131.0",
        "npm:zod@^3.25.76"
      ]
    }
  }
}
